
Microsoft Visual Studio Solution File, Format Version 12.00
# Visual Studio Version 17
VisualStudioVersion = 17.3.32901.215
MinimumVisualStudioVersion = 10.0.40219.1
Project("{FAE04EC0-301F-11D3-BF4B-00C04F79EFBC}") = "classs3", "classs3\classs3.csproj", "{FAF2F183-E428-497F-A55D-B786E9D141DB}"
EndProject
Global
	GlobalSection(SolutionConfigurationPlatforms) = preSolution
		Debug|Any CPU = Debug|Any CPU
		Release|Any CPU = Release|Any CPU
	EndGlobalSection
	GlobalSection(ProjectConfigurationPlatforms) = postSolution
		{FAF2F183-E428-497F-A55D-B786E9D141DB}.Debug|Any CPU.ActiveCfg = Debug|Any CPU
		{FAF2F183-E428-497F-A55D-B786E9D141DB}.Debug|Any CPU.Build.0 = Debug|Any CPU
		{FAF2F183-E428-497F-A55D-B786E9D141DB}.Release|Any CPU.ActiveCfg = Release|Any CPU
		{FAF2F183-E428-497F-A55D-B786E9D141DB}.Release|Any CPU.Build.0 = Release|Any CPU
	EndGlobalSection
	GlobalSection(SolutionProperties) = preSolution
		HideSolutionNode = FALSE
	EndGlobalSection
	GlobalSection(ExtensibilityGlobals) = postSolution
		SolutionGuid = {E63920C0-4DEF-4968-9B59-753CC1EC30E9}
	EndGlobalSection
EndGlobal
